{
  "name": "pass-phrase-generator",
  "version": "1.0.0",
  "lockfileVersion": 3,
  "requires": true,
  "packages": {
    "": {
      "name": "pass-phrase-generator",
      "version": "1.0.0",
      "license": "MIT",
      "dependencies": {
        "lodash": "^4.17.21",
        "seed-phrase-wordlist": "^1.0.0"
      }
    },
    "node_modules/lodash": {
      "version": "4.17.21",
      "resolved": "https://registry.npmjs.org/lodash/-/lodash-4.17.21.tgz",
      "integrity": "sha512-v2kDEe57lecTulaDIuNTPy3Ry4gLGJ6Z1O3vE1krgXZNrsQ+LFTGHVxVjcXPs17LhbZVGedAJv8XZ1tvj5FvSg=="
    },
    "node_modules/seed-phrase-wordlist": {
      "version": "1.0.0",
      "resolved": "https://registry.npmjs.org/seed-phrase-wordlist/-/seed-phrase-wordlist-1.0.0.tgz",
      "integrity": "sha512-771/mN3RgINT21hVTWGOOUOjfX7NxUYZcPpVbal7PNt8wC/pRbD2DYxyvo/9+9PJeUx8namaDOP0NS1aqKzQKg==",
      "dependencies": {
        "lodash": "^4.17.21"
      }
    }
  }
}
